Microsoft Visual Studio Solution File, Format Version 12.00
# Visual Studio Version 17
VisualStudioVersion = 17.10.35004.147
MinimumVisualStudioVersion = 10.0.40219.1
Project("{2150E333-8FDC-42A3-9474-1A3956D46DE8}") = "Solution Items", "Solution Items", "{AF3BFB68-9DEE-4574-B5E3-662D8CD61A74}"
	ProjectSection(SolutionItems) = preProject
		.editorconfig = .editorconfig
	EndProjectSection
EndProject
Project("{9A19103F-16F7-4668-BE54-9A1E7A4F7556}") = "Top2000.Data.ClientDatabase", "src\Top2000.Data.ClientDatabase\Top2000.Data.ClientDatabase.csproj", "{3369A9AA-59D2-43F8-AC5B-174616EEEF9F}"
EndProject
Project("{9A19103F-16F7-4668-BE54-9A1E7A4F7556}") = "Top2000.Data.ClientDatabase.Tests", "tests\Top2000.Data.ClientDatabase.Tests\Top2000.Data.ClientDatabase.Tests.csproj", "{968840F1-A0F3-4BFB-9D20-73EE0D39C55D}"
EndProject
Project("{2150E333-8FDC-42A3-9474-1A3956D46DE8}") = "src", "src", "{DCC1DEA6-B8B9-44A4-9BAC-68120F0C28FF}"
EndProject
Project("{2150E333-8FDC-42A3-9474-1A3956D46DE8}") = "tests", "tests", "{F0715330-EADD-49C0-8D7A-0D2A1CCD8226}"
	ProjectSection(SolutionItems) = preProject
		tests\Directory.Build.props = tests\Directory.Build.props
	EndProjectSection
EndProject
Project("{9A19103F-16F7-4668-BE54-9A1E7A4F7556}") = "Top2000.Data.SQLScripts", "src\Top2000.Data.SQLScripts\Top2000.Data.SQLScripts.csproj", "{4955BDAE-943D-4457-AC5F-D50EFA02B05D}"
EndProject
Project("{9A19103F-16F7-4668-BE54-9A1E7A4F7556}") = "Top2000.Data.SQLScripts.Unittests", "tests\Top2000.Data.SQLScripts.Unittests\Top2000.Data.SQLScripts.Unittests.csproj", "{B0A0B3DB-5F92-4A8D-80C7-384F6E01B25E}"
EndProject
Global
	GlobalSection(ExtensibilityGlobals) = postSolution
		SolutionGuid = {13A925DD-5DDB-40C6-B878-4EEBBA3FE333}
	EndGlobalSection
	GlobalSection(NestedProjects) = preSolution
		{DCC1DEA6-B8B9-44A4-9BAC-68120F0C28FF} = {AF3BFB68-9DEE-4574-B5E3-662D8CD61A74}
		{F0715330-EADD-49C0-8D7A-0D2A1CCD8226} = {AF3BFB68-9DEE-4574-B5E3-662D8CD61A74}
	EndGlobalSection
	GlobalSection(ProjectConfigurationPlatforms) = postSolution
		{3369A9AA-59D2-43F8-AC5B-174616EEEF9F}.Debug|Any CPU.ActiveCfg = Debug|Any CPU
		{3369A9AA-59D2-43F8-AC5B-174616EEEF9F}.Debug|Any CPU.Build.0 = Debug|Any CPU
		{3369A9AA-59D2-43F8-AC5B-174616EEEF9F}.Release|Any CPU.ActiveCfg = Release|Any CPU
		{3369A9AA-59D2-43F8-AC5B-174616EEEF9F}.Release|Any CPU.Build.0 = Release|Any CPU
		{4955BDAE-943D-4457-AC5F-D50EFA02B05D}.Debug|Any CPU.ActiveCfg = Debug|Any CPU
		{4955BDAE-943D-4457-AC5F-D50EFA02B05D}.Debug|Any CPU.Build.0 = Debug|Any CPU
		{4955BDAE-943D-4457-AC5F-D50EFA02B05D}.Release|Any CPU.ActiveCfg = Release|Any CPU
		{4955BDAE-943D-4457-AC5F-D50EFA02B05D}.Release|Any CPU.Build.0 = Release|Any CPU
		{968840F1-A0F3-4BFB-9D20-73EE0D39C55D}.Debug|Any CPU.ActiveCfg = Debug|Any CPU
		{968840F1-A0F3-4BFB-9D20-73EE0D39C55D}.Debug|Any CPU.Build.0 = Debug|Any CPU
		{968840F1-A0F3-4BFB-9D20-73EE0D39C55D}.Release|Any CPU.ActiveCfg = Release|Any CPU
		{968840F1-A0F3-4BFB-9D20-73EE0D39C55D}.Release|Any CPU.Build.0 = Release|Any CPU
		{B0A0B3DB-5F92-4A8D-80C7-384F6E01B25E}.Debug|Any CPU.ActiveCfg = Debug|Any CPU
		{B0A0B3DB-5F92-4A8D-80C7-384F6E01B25E}.Debug|Any CPU.Build.0 = Debug|Any CPU
		{B0A0B3DB-5F92-4A8D-80C7-384F6E01B25E}.Release|Any CPU.ActiveCfg = Release|Any CPU
		{B0A0B3DB-5F92-4A8D-80C7-384F6E01B25E}.Release|Any CPU.Build.0 = Release|Any CPU
	EndGlobalSection
	GlobalSection(SolutionConfigurationPlatforms) = preSolution
		Debug|Any CPU = Debug|Any CPU
		Release|Any CPU = Release|Any CPU
	EndGlobalSection
	GlobalSection(SolutionProperties) = preSolution
		HideSolutionNode = FALSE
	EndGlobalSection
EndGlobal
