<Solution>
  <Folder Name="/Solution Items/tests/">
    <File Path="tests\Directory.Build.props" />
  </Folder>
  <Folder Name="/Solution Items/src/" />
  <Folder Name="/Solution Items/">
    <File Path=".editorconfig" />
  </Folder>
  <Project Path="src\Top2000.Data.ClientDatabase\Top2000.Data.ClientDatabase.csproj" />
  <Project Path="tests\Top2000.Data.ClientDatabase.Tests\Top2000.Data.ClientDatabase.Tests.csproj" />
</Solution>